
Microsoft Visual Studio Solution File, Format Version 12.00
# Visual Studio 15
VisualStudioVersion = 15.0.26730.16
MinimumVisualStudioVersion = 10.0.40219.1
Project("{FAE04EC0-301F-11D3-BF4B-00C04F79EFBC}") = "XamFormChkNet.Android", "XamFormChkNet\XamFormChkNet.Android\XamFormChkNet.Android.csproj", "{E2F84411-679C-455A-8DFB-B082C5514989}"
EndProject
Project("{FAE04EC0-301F-11D3-BF4B-00C04F79EFBC}") = "XamFormChkNet", "XamFormChkNet\XamFormChkNet\XamFormChkNet.csproj", "{6A2EF7CF-C120-4812-AC37-FBB5696F5393}"
EndProject
Project("{FAE04EC0-301F-11D3-BF4B-00C04F79EFBC}") = "XamFormChkNet.UWP", "XamFormChkNet\XamFormChkNet.UWP\XamFormChkNet.UWP.csproj", "{77C6A2F9-22F4-41E4-B342-B6B456207320}"
EndProject
Project("{FAE04EC0-301F-11D3-BF4B-00C04F79EFBC}") = "XamFormChkNet.iOS", "XamFormChkNet\XamFormChkNet.iOS\XamFormChkNet.iOS.csproj", "{E3A86B1E-01C2-49ED-B661-C3F286258CC2}"
EndProject
Global
	GlobalSection(SolutionConfigurationPlatforms) = preSolution
		Ad-Hoc|Any CPU = Ad-Hoc|Any CPU
		Ad-Hoc|ARM = Ad-Hoc|ARM
		Ad-Hoc|iPhone = Ad-Hoc|iPhone
		Ad-Hoc|iPhoneSimulator = Ad-Hoc|iPhoneSimulator
		Ad-Hoc|x64 = Ad-Hoc|x64
		Ad-Hoc|x86 = Ad-Hoc|x86
		AppStore|Any CPU = AppStore|Any CPU
		AppStore|ARM = AppStore|ARM
		AppStore|iPhone = AppStore|iPhone
		AppStore|iPhoneSimulator = AppStore|iPhoneSimulator
		AppStore|x64 = AppStore|x64
		AppStore|x86 = AppStore|x86
		Debug|Any CPU = Debug|Any CPU
		Debug|ARM = Debug|ARM
		Debug|iPhone = Debug|iPhone
		Debug|iPhoneSimulator = Debug|iPhoneSimulator
		Debug|x64 = Debug|x64
		Debug|x86 = Debug|x86
		Release|Any CPU = Release|Any CPU
		Release|ARM = Release|ARM
		Release|iPhone = Release|iPhone
		Release|iPhoneSimulator = Release|iPhoneSimulator
		Release|x64 = Release|x64
		Release|x86 = Release|x86
	EndGlobalSection
	GlobalSection(ProjectConfigurationPlatforms) = postSolution
		{E2F84411-679C-455A-8DFB-B082C5514989}.Ad-Hoc|Any CPU.ActiveCfg = Release|Any CPU
		{E2F84411-679C-455A-8DFB-B082C5514989}.Ad-Hoc|Any CPU.Build.0 = Release|Any CPU
		{E2F84411-679C-455A-8DFB-B082C5514989}.Ad-Hoc|Any CPU.Deploy.0 = Release|Any CPU
		{E2F84411-679C-455A-8DFB-B082C5514989}.Ad-Hoc|ARM.ActiveCfg = Release|Any CPU
		{E2F84411-679C-455A-8DFB-B082C5514989}.Ad-Hoc|ARM.Build.0 = Release|Any CPU
		{E2F84411-679C-455A-8DFB-B082C5514989}.Ad-Hoc|ARM.Deploy.0 = Release|Any CPU
		{E2F84411-679C-455A-8DFB-B082C5514989}.Ad-Hoc|iPhone.ActiveCfg = Release|Any CPU
		{E2F84411-679C-455A-8DFB-B082C5514989}.Ad-Hoc|iPhone.Build.0 = Release|Any CPU
		{E2F84411-679C-455A-8DFB-B082C5514989}.Ad-Hoc|iPhone.Deploy.0 = Release|Any CPU
		{E2F84411-679C-455A-8DFB-B082C5514989}.Ad-Hoc|iPhoneSimulator.ActiveCfg = Release|Any CPU
		{E2F84411-679C-455A-8DFB-B082C5514989}.Ad-Hoc|iPhoneSimulator.Build.0 = Release|Any CPU
		{E2F84411-679C-455A-8DFB-B082C5514989}.Ad-Hoc|iPhoneSimulator.Deploy.0 = Release|Any CPU
		{E2F84411-679C-455A-8DFB-B082C5514989}.Ad-Hoc|x64.ActiveCfg = Release|Any CPU
		{E2F84411-679C-455A-8DFB-B082C5514989}.Ad-Hoc|x64.Build.0 = Release|Any CPU
		{E2F84411-679C-455A-8DFB-B082C5514989}.Ad-Hoc|x64.Deploy.0 = Release|Any CPU
		{E2F84411-679C-455A-8DFB-B082C5514989}.Ad-Hoc|x86.ActiveCfg = Release|Any CPU
		{E2F84411-679C-455A-8DFB-B082C5514989}.Ad-Hoc|x86.Build.0 = Release|Any CPU
		{E2F84411-679C-455A-8DFB-B082C5514989}.Ad-Hoc|x86.Deploy.0 = Release|Any CPU
		{E2F84411-679C-455A-8DFB-B082C5514989}.AppStore|Any CPU.ActiveCfg = Release|Any CPU
		{E2F84411-679C-455A-8DFB-B082C5514989}.AppStore|Any CPU.Build.0 = Release|Any CPU
		{E2F84411-679C-455A-8DFB-B082C5514989}.AppStore|Any CPU.Deploy.0 = Release|Any CPU
		{E2F84411-679C-455A-8DFB-B082C5514989}.AppStore|ARM.ActiveCfg = Release|Any CPU
		{E2F84411-679C-455A-8DFB-B082C5514989}.AppStore|ARM.Build.0 = Release|Any CPU
		{E2F84411-679C-455A-8DFB-B082C5514989}.AppStore|ARM.Deploy.0 = Release|Any CPU
		{E2F84411-679C-455A-8DFB-B082C5514989}.AppStore|iPhone.ActiveCfg = Release|Any CPU
		{E2F84411-679C-455A-8DFB-B082C5514989}.AppStore|iPhone.Build.0 = Release|Any CPU
		{E2F84411-679C-455A-8DFB-B082C5514989}.AppStore|iPhone.Deploy.0 = Release|Any CPU
		{E2F84411-679C-455A-8DFB-B082C5514989}.AppStore|iPhoneSimulator.ActiveCfg = Release|Any CPU
		{E2F84411-679C-455A-8DFB-B082C5514989}.AppStore|iPhoneSimulator.Build.0 = Release|Any CPU
		{E2F84411-679C-455A-8DFB-B082C5514989}.AppStore|iPhoneSimulator.Deploy.0 = Release|Any CPU
		{E2F84411-679C-455A-8DFB-B082C5514989}.AppStore|x64.ActiveCfg = Release|Any CPU
		{E2F84411-679C-455A-8DFB-B082C5514989}.AppStore|x64.Build.0 = Release|Any CPU
		{E2F84411-679C-455A-8DFB-B082C5514989}.AppStore|x64.Deploy.0 = Release|Any CPU
		{E2F84411-679C-455A-8DFB-B082C5514989}.AppStore|x86.ActiveCfg = Release|Any CPU
		{E2F84411-679C-455A-8DFB-B082C5514989}.AppStore|x86.Build.0 = Release|Any CPU
		{E2F84411-679C-455A-8DFB-B082C5514989}.AppStore|x86.Deploy.0 = Release|Any CPU
		{E2F84411-679C-455A-8DFB-B082C5514989}.Debug|Any CPU.ActiveCfg = Debug|Any CPU
		{E2F84411-679C-455A-8DFB-B082C5514989}.Debug|Any CPU.Build.0 = Debug|Any CPU
		{E2F84411-679C-455A-8DFB-B082C5514989}.Debug|Any CPU.Deploy.0 = Debug|Any CPU
		{E2F84411-679C-455A-8DFB-B082C5514989}.Debug|ARM.ActiveCfg = Debug|Any CPU
		{E2F84411-679C-455A-8DFB-B082C5514989}.Debug|ARM.Build.0 = Debug|Any CPU
		{E2F84411-679C-455A-8DFB-B082C5514989}.Debug|ARM.Deploy.0 = Debug|Any CPU
		{E2F84411-679C-455A-8DFB-B082C5514989}.Debug|iPhone.ActiveCfg = Debug|Any CPU
		{E2F84411-679C-455A-8DFB-B082C5514989}.Debug|iPhone.Build.0 = Debug|Any CPU
		{E2F84411-679C-455A-8DFB-B082C5514989}.Debug|iPhone.Deploy.0 = Debug|Any CPU
		{E2F84411-679C-455A-8DFB-B082C5514989}.Debug|iPhoneSimulator.ActiveCfg = Debug|Any CPU
		{E2F84411-679C-455A-8DFB-B082C5514989}.Debug|iPhoneSimulator.Build.0 = Debug|Any CPU
		{E2F84411-679C-455A-8DFB-B082C5514989}.Debug|iPhoneSimulator.Deploy.0 = Debug|Any CPU
		{E2F84411-679C-455A-8DFB-B082C5514989}.Debug|x64.ActiveCfg = Debug|Any CPU
		{E2F84411-679C-455A-8DFB-B082C5514989}.Debug|x64.Build.0 = Debug|Any CPU
		{E2F84411-679C-455A-8DFB-B082C5514989}.Debug|x64.Deploy.0 = Debug|Any CPU
		{E2F84411-679C-455A-8DFB-B082C5514989}.Debug|x86.ActiveCfg = Debug|Any CPU
		{E2F84411-679C-455A-8DFB-B082C5514989}.Debug|x86.Build.0 = Debug|Any CPU
		{E2F84411-679C-455A-8DFB-B082C5514989}.Debug|x86.Deploy.0 = Debug|Any CPU
		{E2F84411-679C-455A-8DFB-B082C5514989}.Release|Any CPU.ActiveCfg = Release|Any CPU
		{E2F84411-679C-455A-8DFB-B082C5514989}.Release|Any CPU.Build.0 = Release|Any CPU
		{E2F84411-679C-455A-8DFB-B082C5514989}.Release|Any CPU.Deploy.0 = Release|Any CPU
		{E2F84411-679C-455A-8DFB-B082C5514989}.Release|ARM.ActiveCfg = Release|Any CPU
		{E2F84411-679C-455A-8DFB-B082C5514989}.Release|ARM.Build.0 = Release|Any CPU
		{E2F84411-679C-455A-8DFB-B082C5514989}.Release|ARM.Deploy.0 = Release|Any CPU
		{E2F84411-679C-455A-8DFB-B082C5514989}.Release|iPhone.ActiveCfg = Release|Any CPU
		{E2F84411-679C-455A-8DFB-B082C5514989}.Release|iPhone.Build.0 = Release|Any CPU
		{E2F84411-679C-455A-8DFB-B082C5514989}.Release|iPhone.Deploy.0 = Release|Any CPU
		{E2F84411-679C-455A-8DFB-B082C5514989}.Release|iPhoneSimulator.ActiveCfg = Release|Any CPU
		{E2F84411-679C-455A-8DFB-B082C5514989}.Release|iPhoneSimulator.Build.0 = Release|Any CPU
		{E2F84411-679C-455A-8DFB-B082C5514989}.Release|iPhoneSimulator.Deploy.0 = Release|Any CPU
		{E2F84411-679C-455A-8DFB-B082C5514989}.Release|x64.ActiveCfg = Release|Any CPU
		{E2F84411-679C-455A-8DFB-B082C5514989}.Release|x64.Build.0 = Release|Any CPU
		{E2F84411-679C-455A-8DFB-B082C5514989}.Release|x64.Deploy.0 = Release|Any CPU
		{E2F84411-679C-455A-8DFB-B082C5514989}.Release|x86.ActiveCfg = Release|Any CPU
		{E2F84411-679C-455A-8DFB-B082C5514989}.Release|x86.Build.0 = Release|Any CPU
		{E2F84411-679C-455A-8DFB-B082C5514989}.Release|x86.Deploy.0 = Release|Any CPU
		{6A2EF7CF-C120-4812-AC37-FBB5696F5393}.Ad-Hoc|Any CPU.ActiveCfg = Release|Any CPU
		{6A2EF7CF-C120-4812-AC37-FBB5696F5393}.Ad-Hoc|Any CPU.Build.0 = Release|Any CPU
		{6A2EF7CF-C120-4812-AC37-FBB5696F5393}.Ad-Hoc|ARM.ActiveCfg = Release|Any CPU
		{6A2EF7CF-C120-4812-AC37-FBB5696F5393}.Ad-Hoc|ARM.Build.0 = Release|Any CPU
		{6A2EF7CF-C120-4812-AC37-FBB5696F5393}.Ad-Hoc|iPhone.ActiveCfg = Release|Any CPU
		{6A2EF7CF-C120-4812-AC37-FBB5696F5393}.Ad-Hoc|iPhone.Build.0 = Release|Any CPU
		{6A2EF7CF-C120-4812-AC37-FBB5696F5393}.Ad-Hoc|iPhoneSimulator.ActiveCfg = Release|Any CPU
		{6A2EF7CF-C120-4812-AC37-FBB5696F5393}.Ad-Hoc|iPhoneSimulator.Build.0 = Release|Any CPU
		{6A2EF7CF-C120-4812-AC37-FBB5696F5393}.Ad-Hoc|x64.ActiveCfg = Release|Any CPU
		{6A2EF7CF-C120-4812-AC37-FBB5696F5393}.Ad-Hoc|x64.Build.0 = Release|Any CPU
		{6A2EF7CF-C120-4812-AC37-FBB5696F5393}.Ad-Hoc|x86.ActiveCfg = Release|Any CPU
		{6A2EF7CF-C120-4812-AC37-FBB5696F5393}.Ad-Hoc|x86.Build.0 = Release|Any CPU
		{6A2EF7CF-C120-4812-AC37-FBB5696F5393}.AppStore|Any CPU.ActiveCfg = Release|Any CPU
		{6A2EF7CF-C120-4812-AC37-FBB5696F5393}.AppStore|Any CPU.Build.0 = Release|Any CPU
		{6A2EF7CF-C120-4812-AC37-FBB5696F5393}.AppStore|ARM.ActiveCfg = Release|Any CPU
		{6A2EF7CF-C120-4812-AC37-FBB5696F5393}.AppStore|ARM.Build.0 = Release|Any CPU
		{6A2EF7CF-C120-4812-AC37-FBB5696F5393}.AppStore|iPhone.ActiveCfg = Release|Any CPU
		{6A2EF7CF-C120-4812-AC37-FBB5696F5393}.AppStore|iPhone.Build.0 = Release|Any CPU
		{6A2EF7CF-C120-4812-AC37-FBB5696F5393}.AppStore|iPhoneSimulator.ActiveCfg = Release|Any CPU
		{6A2EF7CF-C120-4812-AC37-FBB5696F5393}.AppStore|iPhoneSimulator.Build.0 = Release|Any CPU
		{6A2EF7CF-C120-4812-AC37-FBB5696F5393}.AppStore|x64.ActiveCfg = Release|Any CPU
		{6A2EF7CF-C120-4812-AC37-FBB5696F5393}.AppStore|x64.Build.0 = Release|Any CPU
		{6A2EF7CF-C120-4812-AC37-FBB5696F5393}.AppStore|x86.ActiveCfg = Release|Any CPU
		{6A2EF7CF-C120-4812-AC37-FBB5696F5393}.AppStore|x86.Build.0 = Release|Any CPU
		{6A2EF7CF-C120-4812-AC37-FBB5696F5393}.Debug|Any CPU.ActiveCfg = Debug|Any CPU
		{6A2EF7CF-C120-4812-AC37-FBB5696F5393}.Debug|Any CPU.Build.0 = Debug|Any CPU
		{6A2EF7CF-C120-4812-AC37-FBB5696F5393}.Debug|ARM.ActiveCfg = Debug|Any CPU
		{6A2EF7CF-C120-4812-AC37-FBB5696F5393}.Debug|ARM.Build.0 = Debug|Any CPU
		{6A2EF7CF-C120-4812-AC37-FBB5696F5393}.Debug|iPhone.ActiveCfg = Debug|Any CPU
		{6A2EF7CF-C120-4812-AC37-FBB5696F5393}.Debug|iPhone.Build.0 = Debug|Any CPU
		{6A2EF7CF-C120-4812-AC37-FBB5696F5393}.Debug|iPhoneSimulator.ActiveCfg = Debug|Any CPU
		{6A2EF7CF-C120-4812-AC37-FBB5696F5393}.Debug|iPhoneSimulator.Build.0 = Debug|Any CPU
		{6A2EF7CF-C120-4812-AC37-FBB5696F5393}.Debug|x64.ActiveCfg = Debug|Any CPU
		{6A2EF7CF-C120-4812-AC37-FBB5696F5393}.Debug|x64.Build.0 = Debug|Any CPU
		{6A2EF7CF-C120-4812-AC37-FBB5696F5393}.Debug|x86.ActiveCfg = Debug|Any CPU
		{6A2EF7CF-C120-4812-AC37-FBB5696F5393}.Debug|x86.Build.0 = Debug|Any CPU
		{6A2EF7CF-C120-4812-AC37-FBB5696F5393}.Release|Any CPU.ActiveCfg = Release|Any CPU
		{6A2EF7CF-C120-4812-AC37-FBB5696F5393}.Release|Any CPU.Build.0 = Release|Any CPU
		{6A2EF7CF-C120-4812-AC37-FBB5696F5393}.Release|ARM.ActiveCfg = Release|Any CPU
		{6A2EF7CF-C120-4812-AC37-FBB5696F5393}.Release|ARM.Build.0 = Release|Any CPU
		{6A2EF7CF-C120-4812-AC37-FBB5696F5393}.Release|iPhone.ActiveCfg = Release|Any CPU
		{6A2EF7CF-C120-4812-AC37-FBB5696F5393}.Release|iPhone.Build.0 = Release|Any CPU
		{6A2EF7CF-C120-4812-AC37-FBB5696F5393}.Release|iPhoneSimulator.ActiveCfg = Release|Any CPU
		{6A2EF7CF-C120-4812-AC37-FBB5696F5393}.Release|iPhoneSimulator.Build.0 = Release|Any CPU
		{6A2EF7CF-C120-4812-AC37-FBB5696F5393}.Release|x64.ActiveCfg = Release|Any CPU
		{6A2EF7CF-C120-4812-AC37-FBB5696F5393}.Release|x64.Build.0 = Release|Any CPU
		{6A2EF7CF-C120-4812-AC37-FBB5696F5393}.Release|x86.ActiveCfg = Release|Any CPU
		{6A2EF7CF-C120-4812-AC37-FBB5696F5393}.Release|x86.Build.0 = Release|Any CPU
		{77C6A2F9-22F4-41E4-B342-B6B456207320}.Ad-Hoc|Any CPU.ActiveCfg = Release|x86
		{77C6A2F9-22F4-41E4-B342-B6B456207320}.Ad-Hoc|Any CPU.Build.0 = Release|x86
		{77C6A2F9-22F4-41E4-B342-B6B456207320}.Ad-Hoc|Any CPU.Deploy.0 = Release|x86
		{77C6A2F9-22F4-41E4-B342-B6B456207320}.Ad-Hoc|ARM.ActiveCfg = Release|ARM
		{77C6A2F9-22F4-41E4-B342-B6B456207320}.Ad-Hoc|ARM.Build.0 = Release|ARM
		{77C6A2F9-22F4-41E4-B342-B6B456207320}.Ad-Hoc|ARM.Deploy.0 = Release|ARM
		{77C6A2F9-22F4-41E4-B342-B6B456207320}.Ad-Hoc|iPhone.ActiveCfg = Release|x86
		{77C6A2F9-22F4-41E4-B342-B6B456207320}.Ad-Hoc|iPhone.Build.0 = Release|x86
		{77C6A2F9-22F4-41E4-B342-B6B456207320}.Ad-Hoc|iPhone.Deploy.0 = Release|x86
		{77C6A2F9-22F4-41E4-B342-B6B456207320}.Ad-Hoc|iPhoneSimulator.ActiveCfg = Release|x86
		{77C6A2F9-22F4-41E4-B342-B6B456207320}.Ad-Hoc|iPhoneSimulator.Build.0 = Release|x86
		{77C6A2F9-22F4-41E4-B342-B6B456207320}.Ad-Hoc|iPhoneSimulator.Deploy.0 = Release|x86
		{77C6A2F9-22F4-41E4-B342-B6B456207320}.Ad-Hoc|x64.ActiveCfg = Release|x64
		{77C6A2F9-22F4-41E4-B342-B6B456207320}.Ad-Hoc|x64.Build.0 = Release|x64
		{77C6A2F9-22F4-41E4-B342-B6B456207320}.Ad-Hoc|x64.Deploy.0 = Release|x64
		{77C6A2F9-22F4-41E4-B342-B6B456207320}.Ad-Hoc|x86.ActiveCfg = Release|x86
		{77C6A2F9-22F4-41E4-B342-B6B456207320}.Ad-Hoc|x86.Build.0 = Release|x86
		{77C6A2F9-22F4-41E4-B342-B6B456207320}.Ad-Hoc|x86.Deploy.0 = Release|x86
		{77C6A2F9-22F4-41E4-B342-B6B456207320}.AppStore|Any CPU.ActiveCfg = Release|x86
		{77C6A2F9-22F4-41E4-B342-B6B456207320}.AppStore|Any CPU.Build.0 = Release|x86
		{77C6A2F9-22F4-41E4-B342-B6B456207320}.AppStore|Any CPU.Deploy.0 = Release|x86
		{77C6A2F9-22F4-41E4-B342-B6B456207320}.AppStore|ARM.ActiveCfg = Release|ARM
		{77C6A2F9-22F4-41E4-B342-B6B456207320}.AppStore|ARM.Build.0 = Release|ARM
		{77C6A2F9-22F4-41E4-B342-B6B456207320}.AppStore|ARM.Deploy.0 = Release|ARM
		{77C6A2F9-22F4-41E4-B342-B6B456207320}.AppStore|iPhone.ActiveCfg = Release|x86
		{77C6A2F9-22F4-41E4-B342-B6B456207320}.AppStore|iPhone.Build.0 = Release|x86
		{77C6A2F9-22F4-41E4-B342-B6B456207320}.AppStore|iPhone.Deploy.0 = Release|x86
		{77C6A2F9-22F4-41E4-B342-B6B456207320}.AppStore|iPhoneSimulator.ActiveCfg = Release|x86
		{77C6A2F9-22F4-41E4-B342-B6B456207320}.AppStore|iPhoneSimulator.Build.0 = Release|x86
		{77C6A2F9-22F4-41E4-B342-B6B456207320}.AppStore|iPhoneSimulator.Deploy.0 = Release|x86
		{77C6A2F9-22F4-41E4-B342-B6B456207320}.AppStore|x64.ActiveCfg = Release|x64
		{77C6A2F9-22F4-41E4-B342-B6B456207320}.AppStore|x64.Build.0 = Release|x64
		{77C6A2F9-22F4-41E4-B342-B6B456207320}.AppStore|x64.Deploy.0 = Release|x64
		{77C6A2F9-22F4-41E4-B342-B6B456207320}.AppStore|x86.ActiveCfg = Release|x86
		{77C6A2F9-22F4-41E4-B342-B6B456207320}.AppStore|x86.Build.0 = Release|x86
		{77C6A2F9-22F4-41E4-B342-B6B456207320}.AppStore|x86.Deploy.0 = Release|x86
		{77C6A2F9-22F4-41E4-B342-B6B456207320}.Debug|Any CPU.ActiveCfg = Debug|x86
		{77C6A2F9-22F4-41E4-B342-B6B456207320}.Debug|Any CPU.Build.0 = Debug|x86
		{77C6A2F9-22F4-41E4-B342-B6B456207320}.Debug|Any CPU.Deploy.0 = Debug|x86
		{77C6A2F9-22F4-41E4-B342-B6B456207320}.Debug|ARM.ActiveCfg = Debug|ARM
		{77C6A2F9-22F4-41E4-B342-B6B456207320}.Debug|ARM.Build.0 = Debug|ARM
		{77C6A2F9-22F4-41E4-B342-B6B456207320}.Debug|ARM.Deploy.0 = Debug|ARM
		{77C6A2F9-22F4-41E4-B342-B6B456207320}.Debug|iPhone.ActiveCfg = Debug|x86
		{77C6A2F9-22F4-41E4-B342-B6B456207320}.Debug|iPhoneSimulator.ActiveCfg = Debug|x86
		{77C6A2F9-22F4-41E4-B342-B6B456207320}.Debug|x64.ActiveCfg = Debug|x64
		{77C6A2F9-22F4-41E4-B342-B6B456207320}.Debug|x64.Build.0 = Debug|x64
		{77C6A2F9-22F4-41E4-B342-B6B456207320}.Debug|x64.Deploy.0 = Debug|x64
		{77C6A2F9-22F4-41E4-B342-B6B456207320}.Debug|x86.ActiveCfg = Debug|x86
		{77C6A2F9-22F4-41E4-B342-B6B456207320}.Debug|x86.Build.0 = Debug|x86
		{77C6A2F9-22F4-41E4-B342-B6B456207320}.Debug|x86.Deploy.0 = Debug|x86
		{77C6A2F9-22F4-41E4-B342-B6B456207320}.Release|Any CPU.ActiveCfg = Release|x86
		{77C6A2F9-22F4-41E4-B342-B6B456207320}.Release|ARM.ActiveCfg = Release|ARM
		{77C6A2F9-22F4-41E4-B342-B6B456207320}.Release|ARM.Build.0 = Release|ARM
		{77C6A2F9-22F4-41E4-B342-B6B456207320}.Release|ARM.Deploy.0 = Release|ARM
		{77C6A2F9-22F4-41E4-B342-B6B456207320}.Release|iPhone.ActiveCfg = Release|x86
		{77C6A2F9-22F4-41E4-B342-B6B456207320}.Release|iPhoneSimulator.ActiveCfg = Release|x86
		{77C6A2F9-22F4-41E4-B342-B6B456207320}.Release|x64.ActiveCfg = Release|x64
		{77C6A2F9-22F4-41E4-B342-B6B456207320}.Release|x64.Build.0 = Release|x64
		{77C6A2F9-22F4-41E4-B342-B6B456207320}.Release|x64.Deploy.0 = Release|x64
		{77C6A2F9-22F4-41E4-B342-B6B456207320}.Release|x86.ActiveCfg = Release|x86
		{77C6A2F9-22F4-41E4-B342-B6B456207320}.Release|x86.Build.0 = Release|x86
		{77C6A2F9-22F4-41E4-B342-B6B456207320}.Release|x86.Deploy.0 = Release|x86
		{E3A86B1E-01C2-49ED-B661-C3F286258CC2}.Ad-Hoc|Any CPU.ActiveCfg = Ad-Hoc|iPhone
		{E3A86B1E-01C2-49ED-B661-C3F286258CC2}.Ad-Hoc|ARM.ActiveCfg = Ad-Hoc|iPhone
		{E3A86B1E-01C2-49ED-B661-C3F286258CC2}.Ad-Hoc|iPhone.ActiveCfg = Ad-Hoc|iPhone
		{E3A86B1E-01C2-49ED-B661-C3F286258CC2}.Ad-Hoc|iPhone.Build.0 = Ad-Hoc|iPhone
		{E3A86B1E-01C2-49ED-B661-C3F286258CC2}.Ad-Hoc|iPhoneSimulator.ActiveCfg = Ad-Hoc|iPhoneSimulator
		{E3A86B1E-01C2-49ED-B661-C3F286258CC2}.Ad-Hoc|iPhoneSimulator.Build.0 = Ad-Hoc|iPhoneSimulator
		{E3A86B1E-01C2-49ED-B661-C3F286258CC2}.Ad-Hoc|x64.ActiveCfg = Ad-Hoc|iPhone
		{E3A86B1E-01C2-49ED-B661-C3F286258CC2}.Ad-Hoc|x86.ActiveCfg = Ad-Hoc|iPhone
		{E3A86B1E-01C2-49ED-B661-C3F286258CC2}.AppStore|Any CPU.ActiveCfg = AppStore|iPhone
		{E3A86B1E-01C2-49ED-B661-C3F286258CC2}.AppStore|ARM.ActiveCfg = AppStore|iPhone
		{E3A86B1E-01C2-49ED-B661-C3F286258CC2}.AppStore|iPhone.ActiveCfg = AppStore|iPhone
		{E3A86B1E-01C2-49ED-B661-C3F286258CC2}.AppStore|iPhone.Build.0 = AppStore|iPhone
		{E3A86B1E-01C2-49ED-B661-C3F286258CC2}.AppStore|iPhoneSimulator.ActiveCfg = AppStore|iPhoneSimulator
		{E3A86B1E-01C2-49ED-B661-C3F286258CC2}.AppStore|iPhoneSimulator.Build.0 = AppStore|iPhoneSimulator
		{E3A86B1E-01C2-49ED-B661-C3F286258CC2}.AppStore|x64.ActiveCfg = AppStore|iPhone
		{E3A86B1E-01C2-49ED-B661-C3F286258CC2}.AppStore|x86.ActiveCfg = AppStore|iPhone
		{E3A86B1E-01C2-49ED-B661-C3F286258CC2}.Debug|Any CPU.ActiveCfg = Debug|iPhone
		{E3A86B1E-01C2-49ED-B661-C3F286258CC2}.Debug|ARM.ActiveCfg = Debug|iPhone
		{E3A86B1E-01C2-49ED-B661-C3F286258CC2}.Debug|iPhone.ActiveCfg = Debug|iPhone
		{E3A86B1E-01C2-49ED-B661-C3F286258CC2}.Debug|iPhone.Build.0 = Debug|iPhone
		{E3A86B1E-01C2-49ED-B661-C3F286258CC2}.Debug|iPhoneSimulator.ActiveCfg = Debug|iPhoneSimulator
		{E3A86B1E-01C2-49ED-B661-C3F286258CC2}.Debug|iPhoneSimulator.Build.0 = Debug|iPhoneSimulator
		{E3A86B1E-01C2-49ED-B661-C3F286258CC2}.Debug|x64.ActiveCfg = Debug|iPhone
		{E3A86B1E-01C2-49ED-B661-C3F286258CC2}.Debug|x86.ActiveCfg = Debug|iPhone
		{E3A86B1E-01C2-49ED-B661-C3F286258CC2}.Release|Any CPU.ActiveCfg = Release|iPhone
		{E3A86B1E-01C2-49ED-B661-C3F286258CC2}.Release|ARM.ActiveCfg = Release|iPhone
		{E3A86B1E-01C2-49ED-B661-C3F286258CC2}.Release|iPhone.ActiveCfg = Release|iPhone
		{E3A86B1E-01C2-49ED-B661-C3F286258CC2}.Release|iPhone.Build.0 = Release|iPhone
		{E3A86B1E-01C2-49ED-B661-C3F286258CC2}.Release|iPhoneSimulator.ActiveCfg = Release|iPhoneSimulator
		{E3A86B1E-01C2-49ED-B661-C3F286258CC2}.Release|iPhoneSimulator.Build.0 = Release|iPhoneSimulator
		{E3A86B1E-01C2-49ED-B661-C3F286258CC2}.Release|x64.ActiveCfg = Release|iPhone
		{E3A86B1E-01C2-49ED-B661-C3F286258CC2}.Release|x86.ActiveCfg = Release|iPhone
	EndGlobalSection
	GlobalSection(SolutionProperties) = preSolution
		HideSolutionNode = FALSE
	EndGlobalSection
	GlobalSection(ExtensibilityGlobals) = postSolution
		SolutionGuid = {6EB609B0-3A45-4518-B341-AEFADA17971C}
	EndGlobalSection
EndGlobal
